
Microsoft Visual Studio Solution File, Format Version 12.00
# Visual Studio Version 17
VisualStudioVersion = 17.10.35027.167
MinimumVisualStudioVersion = 10.0.40219.1
Project("{A07B5EB6-E848-4116-A8D0-A826331D98C6}") = "Chat Rooms", "Chat Rooms\Chat Rooms.sfproj", "{F6066CA6-DFBF-41D9-A18A-89F795069C3C}"
EndProject
Project("{9A19103F-16F7-4668-BE54-9A1E7A4F7556}") = "ChatRoomsWeb", "ChatRoomsWeb\ChatRoomsWeb.csproj", "{DBA32C70-DB71-4918-8C81-715D942B39DE}"
EndProject
Project("{9A19103F-16F7-4668-BE54-9A1E7A4F7556}") = "Interfaces", "Interfaces\Interfaces.csproj", "{4C43D01C-F7CB-461D-BF9E-93C6E786D757}"
EndProject
Project("{9A19103F-16F7-4668-BE54-9A1E7A4F7556}") = "ChatService", "ChatService\ChatService.csproj", "{9A61738A-35D4-40B3-AAC2-8B226234B6EC}"
EndProject
Project("{9A19103F-16F7-4668-BE54-9A1E7A4F7556}") = "ChatBroadcastService", "ChatBroadcastService\ChatBroadcastService.csproj", "{5FA02317-E9FE-4121-BCE6-AFF9EAE6B320}"
EndProject
Project("{9A19103F-16F7-4668-BE54-9A1E7A4F7556}") = "AuthService", "AuthService\AuthService.csproj", "{08172A63-C9DB-42F8-A156-2934D62C2749}"
EndProject
Project("{FAE04EC0-301F-11D3-BF4B-00C04F79EFBC}") = "ChatSimulatorService", "ChatSimulatorService\ChatSimulatorService.csproj", "{63CD1614-B61D-454E-AB51-8D5A8B07FC72}"
EndProject
Global
	GlobalSection(SolutionConfigurationPlatforms) = preSolution
		Debug|Any CPU = Debug|Any CPU
		Debug|x64 = Debug|x64
		Release|Any CPU = Release|Any CPU
		Release|x64 = Release|x64
	EndGlobalSection
	GlobalSection(ProjectConfigurationPlatforms) = postSolution
		{F6066CA6-DFBF-41D9-A18A-89F795069C3C}.Debug|Any CPU.ActiveCfg = Debug|x64
		{F6066CA6-DFBF-41D9-A18A-89F795069C3C}.Debug|Any CPU.Build.0 = Debug|x64
		{F6066CA6-DFBF-41D9-A18A-89F795069C3C}.Debug|Any CPU.Deploy.0 = Debug|x64
		{F6066CA6-DFBF-41D9-A18A-89F795069C3C}.Debug|x64.ActiveCfg = Debug|x64
		{F6066CA6-DFBF-41D9-A18A-89F795069C3C}.Debug|x64.Build.0 = Debug|x64
		{F6066CA6-DFBF-41D9-A18A-89F795069C3C}.Debug|x64.Deploy.0 = Debug|x64
		{F6066CA6-DFBF-41D9-A18A-89F795069C3C}.Release|Any CPU.ActiveCfg = Release|x64
		{F6066CA6-DFBF-41D9-A18A-89F795069C3C}.Release|Any CPU.Build.0 = Release|x64
		{F6066CA6-DFBF-41D9-A18A-89F795069C3C}.Release|Any CPU.Deploy.0 = Release|x64
		{F6066CA6-DFBF-41D9-A18A-89F795069C3C}.Release|x64.ActiveCfg = Release|x64
		{F6066CA6-DFBF-41D9-A18A-89F795069C3C}.Release|x64.Build.0 = Release|x64
		{F6066CA6-DFBF-41D9-A18A-89F795069C3C}.Release|x64.Deploy.0 = Release|x64
		{DBA32C70-DB71-4918-8C81-715D942B39DE}.Debug|Any CPU.ActiveCfg = Debug|Any CPU
		{DBA32C70-DB71-4918-8C81-715D942B39DE}.Debug|Any CPU.Build.0 = Debug|Any CPU
		{DBA32C70-DB71-4918-8C81-715D942B39DE}.Debug|x64.ActiveCfg = Debug|Any CPU
		{DBA32C70-DB71-4918-8C81-715D942B39DE}.Debug|x64.Build.0 = Debug|Any CPU
		{DBA32C70-DB71-4918-8C81-715D942B39DE}.Release|Any CPU.ActiveCfg = Release|Any CPU
		{DBA32C70-DB71-4918-8C81-715D942B39DE}.Release|Any CPU.Build.0 = Release|Any CPU
		{DBA32C70-DB71-4918-8C81-715D942B39DE}.Release|x64.ActiveCfg = Release|Any CPU
		{DBA32C70-DB71-4918-8C81-715D942B39DE}.Release|x64.Build.0 = Release|Any CPU
		{4C43D01C-F7CB-461D-BF9E-93C6E786D757}.Debug|Any CPU.ActiveCfg = Debug|Any CPU
		{4C43D01C-F7CB-461D-BF9E-93C6E786D757}.Debug|Any CPU.Build.0 = Debug|Any CPU
		{4C43D01C-F7CB-461D-BF9E-93C6E786D757}.Debug|x64.ActiveCfg = Debug|Any CPU
		{4C43D01C-F7CB-461D-BF9E-93C6E786D757}.Debug|x64.Build.0 = Debug|Any CPU
		{4C43D01C-F7CB-461D-BF9E-93C6E786D757}.Release|Any CPU.ActiveCfg = Release|Any CPU
		{4C43D01C-F7CB-461D-BF9E-93C6E786D757}.Release|Any CPU.Build.0 = Release|Any CPU
		{4C43D01C-F7CB-461D-BF9E-93C6E786D757}.Release|x64.ActiveCfg = Release|Any CPU
		{4C43D01C-F7CB-461D-BF9E-93C6E786D757}.Release|x64.Build.0 = Release|Any CPU
		{9A61738A-35D4-40B3-AAC2-8B226234B6EC}.Debug|Any CPU.ActiveCfg = Debug|Any CPU
		{9A61738A-35D4-40B3-AAC2-8B226234B6EC}.Debug|Any CPU.Build.0 = Debug|Any CPU
		{9A61738A-35D4-40B3-AAC2-8B226234B6EC}.Debug|x64.ActiveCfg = Debug|Any CPU
		{9A61738A-35D4-40B3-AAC2-8B226234B6EC}.Debug|x64.Build.0 = Debug|Any CPU
		{9A61738A-35D4-40B3-AAC2-8B226234B6EC}.Release|Any CPU.ActiveCfg = Release|Any CPU
		{9A61738A-35D4-40B3-AAC2-8B226234B6EC}.Release|Any CPU.Build.0 = Release|Any CPU
		{9A61738A-35D4-40B3-AAC2-8B226234B6EC}.Release|x64.ActiveCfg = Release|Any CPU
		{9A61738A-35D4-40B3-AAC2-8B226234B6EC}.Release|x64.Build.0 = Release|Any CPU
		{5FA02317-E9FE-4121-BCE6-AFF9EAE6B320}.Debug|Any CPU.ActiveCfg = Debug|Any CPU
		{5FA02317-E9FE-4121-BCE6-AFF9EAE6B320}.Debug|Any CPU.Build.0 = Debug|Any CPU
		{5FA02317-E9FE-4121-BCE6-AFF9EAE6B320}.Debug|x64.ActiveCfg = Debug|Any CPU
		{5FA02317-E9FE-4121-BCE6-AFF9EAE6B320}.Debug|x64.Build.0 = Debug|Any CPU
		{5FA02317-E9FE-4121-BCE6-AFF9EAE6B320}.Release|Any CPU.ActiveCfg = Release|Any CPU
		{5FA02317-E9FE-4121-BCE6-AFF9EAE6B320}.Release|Any CPU.Build.0 = Release|Any CPU
		{5FA02317-E9FE-4121-BCE6-AFF9EAE6B320}.Release|x64.ActiveCfg = Release|Any CPU
		{5FA02317-E9FE-4121-BCE6-AFF9EAE6B320}.Release|x64.Build.0 = Release|Any CPU
		{08172A63-C9DB-42F8-A156-2934D62C2749}.Debug|Any CPU.ActiveCfg = Debug|Any CPU
		{08172A63-C9DB-42F8-A156-2934D62C2749}.Debug|Any CPU.Build.0 = Debug|Any CPU
		{08172A63-C9DB-42F8-A156-2934D62C2749}.Debug|x64.ActiveCfg = Debug|Any CPU
		{08172A63-C9DB-42F8-A156-2934D62C2749}.Debug|x64.Build.0 = Debug|Any CPU
		{08172A63-C9DB-42F8-A156-2934D62C2749}.Release|Any CPU.ActiveCfg = Release|Any CPU
		{08172A63-C9DB-42F8-A156-2934D62C2749}.Release|Any CPU.Build.0 = Release|Any CPU
		{08172A63-C9DB-42F8-A156-2934D62C2749}.Release|x64.ActiveCfg = Release|Any CPU
		{08172A63-C9DB-42F8-A156-2934D62C2749}.Release|x64.Build.0 = Release|Any CPU
		{63CD1614-B61D-454E-AB51-8D5A8B07FC72}.Debug|Any CPU.ActiveCfg = Debug|Any CPU
		{63CD1614-B61D-454E-AB51-8D5A8B07FC72}.Debug|Any CPU.Build.0 = Debug|Any CPU
		{63CD1614-B61D-454E-AB51-8D5A8B07FC72}.Debug|x64.ActiveCfg = Debug|Any CPU
		{63CD1614-B61D-454E-AB51-8D5A8B07FC72}.Debug|x64.Build.0 = Debug|Any CPU
		{63CD1614-B61D-454E-AB51-8D5A8B07FC72}.Release|Any CPU.ActiveCfg = Release|Any CPU
		{63CD1614-B61D-454E-AB51-8D5A8B07FC72}.Release|Any CPU.Build.0 = Release|Any CPU
		{63CD1614-B61D-454E-AB51-8D5A8B07FC72}.Release|x64.ActiveCfg = Release|Any CPU
		{63CD1614-B61D-454E-AB51-8D5A8B07FC72}.Release|x64.Build.0 = Release|Any CPU
	EndGlobalSection
	GlobalSection(SolutionProperties) = preSolution
		HideSolutionNode = FALSE
	EndGlobalSection
	GlobalSection(ExtensibilityGlobals) = postSolution
		SolutionGuid = {A37D6B50-A82C-4233-A00A-D3A03FEE1233}
	EndGlobalSection
EndGlobal
